# Generated by pub
# See https://dart.dev/tools/pub/glossary#lockfile
packages:
  _flutterfire_internals:
    dependency: transitive
    description:
      name: _flutterfire_internals
      sha256: "7fd72d77a7487c26faab1d274af23fb008763ddc10800261abbfb2c067f183d5"
      url: "https://pub.dev"
    source: hosted
    version: "1.3.53"
  archive:
    dependency: transitive
    description:
      name: archive
      sha256: "7dcbd0f87fe5f61cb28da39a1a8b70dbc106e2fe0516f7836eb7bb2948481a12"
      url: "https://pub.dev"
    source: hosted
    version: "4.0.5"
  async:
    dependency: transitive
    description:
      name: async
      sha256: "947bfcf187f74dbc5e146c9eb9c0f10c9f8b30743e341481c1e2ed3ecc18c20c"
      url: "https://pub.dev"
    source: hosted
    version: "2.11.0"
  boolean_selector:
    dependency: transitive
    description:
      name: boolean_selector
      sha256: "6cfb5af12253eaf2b368f07bacc5a80d1301a071c73360d746b7f2e32d762c66"
      url: "https://pub.dev"
    source: hosted
    version: "2.1.1"
  characters:
    dependency: transitive
    description:
      name: characters
      sha256: "04a925763edad70e8443c99234dc3328f442e811f1d8fd1a72f1c8ad0f69a605"
      url: "https://pub.dev"
    source: hosted
    version: "1.3.0"
  clock:
    dependency: transitive
    description:
      name: clock
      sha256: cb6d7f03e1de671e34607e909a7213e31d7752be4fb66a86d29fe1eb14bfb5cf
      url: "https://pub.dev"
    source: hosted
    version: "1.1.1"
  collection:
    dependency: transitive
    description:
      name: collection
      sha256: a1ace0a119f20aabc852d165077c036cd864315bd99b7eaa10a60100341941bf
      url: "https://pub.dev"
    source: hosted
    version: "1.19.0"
  crypto:
    dependency: transitive
    description:
      name: crypto
      sha256: ff625774173754681d66daaf4a448684fb04b78f902da9cb3d308c19cc5e8bab
      url: "https://pub.dev"
    source: hosted
    version: "3.0.3"
  csv:
    dependency: "direct main"
    description:
      name: csv
      sha256: c6aa2679b2a18cb57652920f674488d89712efaf4d3fdf2e537215b35fc19d6c
      url: "https://pub.dev"
    source: hosted
    version: "6.0.0"
  cupertino_icons:
    dependency: "direct main"
    description:
      name: cupertino_icons
      sha256: ba631d1c7f7bef6b729a622b7b752645a2d076dba9976925b8f25725a30e1ee6
      url: "https://pub.dev"
    source: hosted
    version: "1.0.8"
  fake_async:
    dependency: transitive
    description:
      name: fake_async
      sha256: "511392330127add0b769b75a987850d136345d9227c6b94c96a04cf4a391bf78"
      url: "https://pub.dev"
    source: hosted
    version: "1.3.1"
  ffi:
    dependency: transitive
    description:
      name: ffi
      sha256: "493f37e7df1804778ff3a53bd691d8692ddf69702cf4c1c1096a2e41b4779e21"
      url: "https://pub.dev"
    source: hosted
    version: "2.1.2"
  firebase_core:
    dependency: "direct main"
    description:
      name: firebase_core
      sha256: f4d8f49574a4e396f34567f3eec4d38ab9c3910818dec22ca42b2a467c685d8b
      url: "https://pub.dev"
    source: hosted
    version: "3.12.1"
  firebase_core_platform_interface:
    dependency: transitive
    description:
      name: firebase_core_platform_interface
      sha256: d7253d255ff10f85cfd2adaba9ac17bae878fa3ba577462451163bd9f1d1f0bf
      url: "https://pub.dev"
    source: hosted
    version: "5.4.0"
  firebase_core_web:
    dependency: transitive
    description:
      name: firebase_core_web
      sha256: faa5a76f6380a9b90b53bc3bdcb85bc7926a382e0709b9b5edac9f7746651493
      url: "https://pub.dev"
    source: hosted
    version: "2.21.1"
  firebase_remote_config:
    dependency: "direct main"
    description:
      name: firebase_remote_config
      sha256: "908fe47d1aea2dbb6c6f3ef93ae884b34bafddf696495949f75c981a47f6704e"
      url: "https://pub.dev"
    source: hosted
    version: "5.4.2"
  firebase_remote_config_platform_interface:
    dependency: transitive
    description:
      name: firebase_remote_config_platform_interface
      sha256: "0914e2680235cca3e0c88ad98ff387d38c5455ec8d24ad70649a15e6a872295b"
      url: "https://pub.dev"
    source: hosted
    version: "1.5.2"
  firebase_remote_config_web:
    dependency: transitive
    description:
      name: firebase_remote_config_web
      sha256: "7fd610cf20077fb1b3383573968e3477864272f540788b6da24e4fab395f68bb"
      url: "https://pub.dev"
    source: hosted
    version: "1.8.2"
  flutter:
    dependency: "direct main"
    description: flutter
    source: sdk
    version: "0.0.0"
  flutter_lints:
    dependency: "direct dev"
    description:
      name: flutter_lints
      sha256: "5398f14efa795ffb7a33e9b6a08798b26a180edac4ad7db3f231e40f82ce11e1"
      url: "https://pub.dev"
    source: hosted
    version: "5.0.0"
  flutter_test:
    dependency: "direct dev"
    description: flutter
    source: sdk
    version: "0.0.0"
  flutter_web_plugins:
    dependency: transitive
    description: flutter
    source: sdk
    version: "0.0.0"
  get:
    dependency: "direct main"
    description:
      name: get
      sha256: c79eeb4339f1f3deffd9ec912f8a923834bec55f7b49c9e882b8fef2c139d425
      url: "https://pub.dev"
    source: hosted
    version: "4.7.2"
  google_mobile_ads:
    dependency: "direct main"
    description:
      name: google_mobile_ads
      sha256: "0d4a3744b5e8ed1b8be6a1b452d309f811688855a497c6113fc4400f922db603"
      url: "https://pub.dev"
    source: hosted
    version: "5.3.1"
  hive:
    dependency: "direct main"
    description:
      name: hive
      sha256: "8dcf6db979d7933da8217edcec84e9df1bdb4e4edc7fc77dbd5aa74356d6d941"
      url: "https://pub.dev"
    source: hosted
    version: "2.2.3"
  hive_flutter:
    dependency: "direct main"
    description:
      name: hive_flutter
      sha256: dca1da446b1d808a51689fb5d0c6c9510c0a2ba01e22805d492c73b68e33eecc
      url: "https://pub.dev"
    source: hosted
    version: "1.1.0"
  http:
    dependency: "direct main"
    description:
      name: http
      sha256: fe7ab022b76f3034adc518fb6ea04a82387620e19977665ea18d30a1cf43442f
      url: "https://pub.dev"
    source: hosted
    version: "1.3.0"
  http_parser:
    dependency: transitive
    description:
      name: http_parser
      sha256: "2aa08ce0341cc9b354a498388e30986515406668dbcc4f7c950c3e715496693b"
      url: "https://pub.dev"
    source: hosted
    version: "4.0.2"
  leak_tracker:
    dependency: transitive
    description:
      name: leak_tracker
      sha256: "7bb2830ebd849694d1ec25bf1f44582d6ac531a57a365a803a6034ff751d2d06"
      url: "https://pub.dev"
    source: hosted
    version: "10.0.7"
  leak_tracker_flutter_testing:
    dependency: transitive
    description:
      name: leak_tracker_flutter_testing
      sha256: "9491a714cca3667b60b5c420da8217e6de0d1ba7a5ec322fab01758f6998f379"
      url: "https://pub.dev"
    source: hosted
    version: "3.0.8"
  leak_tracker_testing:
    dependency: transitive
    description:
      name: leak_tracker_testing
      sha256: "6ba465d5d76e67ddf503e1161d1f4a6bc42306f9d66ca1e8f079a47290fb06d3"
      url: "https://pub.dev"
    source: hosted
    version: "3.0.1"
  lints:
    dependency: transitive
    description:
      name: lints
      sha256: c35bb79562d980e9a453fc715854e1ed39e24e7d0297a880ef54e17f9874a9d7
      url: "https://pub.dev"
    source: hosted
    version: "5.1.1"
  lottie:
    dependency: "direct main"
    description:
      name: lottie
      sha256: c5fa04a80a620066c15cf19cc44773e19e9b38e989ff23ea32e5903ef1015950
      url: "https://pub.dev"
    source: hosted
    version: "3.3.1"
  matcher:
    dependency: transitive
    description:
      name: matcher
      sha256: d2323aa2060500f906aa31a895b4030b6da3ebdcc5619d14ce1aada65cd161cb
      url: "https://pub.dev"
    source: hosted
    version: "0.12.16+1"
  material_color_utilities:
    dependency: transitive
    description:
      name: material_color_utilities
      sha256: f7142bb1154231d7ea5f96bc7bde4bda2a0945d2806bb11670e30b850d56bdec
      url: "https://pub.dev"
    source: hosted
    version: "0.11.1"
  meta:
    dependency: transitive
    description:
      name: meta
      sha256: bdb68674043280c3428e9ec998512fb681678676b3c54e773629ffe74419f8c7
      url: "https://pub.dev"
    source: hosted
    version: "1.15.0"
  path:
    dependency: transitive
    description:
      name: path
      sha256: "087ce49c3f0dc39180befefc60fdb4acd8f8620e5682fe2476afd0b3688bb4af"
      url: "https://pub.dev"
    source: hosted
    version: "1.9.0"
  path_provider:
    dependency: transitive
    description:
      name: path_provider
      sha256: c9e7d3a4cd1410877472158bee69963a4579f78b68c65a2b7d40d1a7a88bb161
      url: "https://pub.dev"
    source: hosted
    version: "2.1.3"
  path_provider_android:
    dependency: transitive
    description:
      name: path_provider_android
      sha256: "30c5aa827a6ae95ce2853cdc5fe3971daaac00f6f081c419c013f7f57bff2f5e"
      url: "https://pub.dev"
    source: hosted
    version: "2.2.7"
  path_provider_foundation:
    dependency: transitive
    description:
      name: path_provider_foundation
      sha256: f234384a3fdd67f989b4d54a5d73ca2a6c422fa55ae694381ae0f4375cd1ea16
      url: "https://pub.dev"
    source: hosted
    version: "2.4.0"
  path_provider_linux:
    dependency: transitive
    description:
      name: path_provider_linux
      sha256: f7a1fe3a634fe7734c8d3f2766ad746ae2a2884abe22e241a8b301bf5cac3279
      url: "https://pub.dev"
    source: hosted
    version: "2.2.1"
  path_provider_platform_interface:
    dependency: transitive
    description:
      name: path_provider_platform_interface
      sha256: "88f5779f72ba699763fa3a3b06aa4bf6de76c8e5de842cf6f29e2e06476c2334"
      url: "https://pub.dev"
    source: hosted
    version: "2.1.2"
  path_provider_windows:
    dependency: transitive
    description:
      name: path_provider_windows
      sha256: bd6f00dbd873bfb70d0761682da2b3a2c2fccc2b9e84c495821639601d81afe7
      url: "https://pub.dev"
    source: hosted
    version: "2.3.0"
  platform:
    dependency: transitive
    description:
      name: platform
      sha256: "9b71283fc13df574056616011fb138fd3b793ea47cc509c189a6c3fa5f8a1a65"
      url: "https://pub.dev"
    source: hosted
    version: "3.1.5"
  plugin_platform_interface:
    dependency: transitive
    description:
      name: plugin_platform_interface
      sha256: "4820fbfdb9478b1ebae27888254d445073732dae3d6ea81f0b7e06d5dedc3f02"
      url: "https://pub.dev"
    source: hosted
    version: "2.1.8"
  posix:
    dependency: transitive
    description:
      name: posix
      sha256: a0117dc2167805aa9125b82eee515cc891819bac2f538c83646d355b16f58b9a
      url: "https://pub.dev"
    source: hosted
    version: "6.0.1"
  sky_engine:
    dependency: transitive
    description: flutter
    source: sdk
    version: "0.0.0"
  source_span:
    dependency: transitive
    description:
      name: source_span
      sha256: "53e943d4206a5e30df338fd4c6e7a077e02254531b138a15aec3bd143c1a8b3c"
      url: "https://pub.dev"
    source: hosted
    version: "1.10.0"
  stack_trace:
    dependency: transitive
    description:
      name: stack_trace
      sha256: "9f47fd3630d76be3ab26f0ee06d213679aa425996925ff3feffdec504931c377"
      url: "https://pub.dev"
    source: hosted
    version: "1.12.0"
  stream_channel:
    dependency: transitive
    description:
      name: stream_channel
      sha256: ba2aa5d8cc609d96bbb2899c28934f9e1af5cddbd60a827822ea467161eb54e7
      url: "https://pub.dev"
    source: hosted
    version: "2.1.2"
  string_scanner:
    dependency: transitive
    description:
      name: string_scanner
      sha256: "688af5ed3402a4bde5b3a6c15fd768dbf2621a614950b17f04626c431ab3c4c3"
      url: "https://pub.dev"
    source: hosted
    version: "1.3.0"
  term_glyph:
    dependency: transitive
    description:
      name: term_glyph
      sha256: a29248a84fbb7c79282b40b8c72a1209db169a2e0542bce341da992fe1bc7e84
      url: "https://pub.dev"
    source: hosted
    version: "1.2.1"
  test_api:
    dependency: transitive
    description:
      name: test_api
      sha256: "664d3a9a64782fcdeb83ce9c6b39e78fd2971d4e37827b9b06c3aa1edc5e760c"
      url: "https://pub.dev"
    source: hosted
    version: "0.7.3"
  typed_data:
    dependency: transitive
    description:
      name: typed_data
      sha256: facc8d6582f16042dd49f2463ff1bd6e2c9ef9f3d5da3d9b087e244a7b564b3c
      url: "https://pub.dev"
    source: hosted
    version: "1.3.2"
  vector_math:
    dependency: transitive
    description:
      name: vector_math
      sha256: "80b3257d1492ce4d091729e3a67a60407d227c27241d6927be0130c98e741803"
      url: "https://pub.dev"
    source: hosted
    version: "2.1.4"
  vm_service:
    dependency: transitive
    description:
      name: vm_service
      sha256: f6be3ed8bd01289b34d679c2b62226f63c0e69f9fd2e50a6b3c1c729a961041b
      url: "https://pub.dev"
    source: hosted
    version: "14.3.0"
  web:
    dependency: transitive
    description:
      name: web
      sha256: "868d88a33d8a87b18ffc05f9f030ba328ffefba92d6c127917a2ba740f9cfe4a"
      url: "https://pub.dev"
    source: hosted
    version: "1.1.1"
  webview_flutter:
    dependency: transitive
    description:
      name: webview_flutter
      sha256: "889a0a678e7c793c308c68739996227c9661590605e70b1f6cf6b9a6634f7aec"
      url: "https://pub.dev"
    source: hosted
    version: "4.10.0"
  webview_flutter_android:
    dependency: transitive
    description:
      name: webview_flutter_android
      sha256: e09150b28a07933839adef0e4a088bb43e8c8d9e6b93025b01882d4067a58ab0
      url: "https://pub.dev"
    source: hosted
    version: "4.3.4"
  webview_flutter_platform_interface:
    dependency: transitive
    description:
      name: webview_flutter_platform_interface
      sha256: d937581d6e558908d7ae3dc1989c4f87b786891ab47bb9df7de548a151779d8d
      url: "https://pub.dev"
    source: hosted
    version: "2.10.0"
  webview_flutter_wkwebview:
    dependency: transitive
    description:
      name: webview_flutter_wkwebview
      sha256: c49a98510080378b1525132f407a92c3dcd3b7145bef04fb8137724aadcf1cf0
      url: "https://pub.dev"
    source: hosted
    version: "3.18.4"
  xdg_directories:
    dependency: transitive
    description:
      name: xdg_directories
      sha256: faea9dee56b520b55a566385b84f2e8de55e7496104adada9962e0bd11bcff1d
      url: "https://pub.dev"
    source: hosted
    version: "1.0.4"
sdks:
  dart: ">=3.6.1 <4.0.0"
  flutter: ">=3.27.0"
